
Microsoft Visual Studio Solution File, Format Version 12.00
# Visual Studio Version 16
VisualStudioVersion = 16.0.29326.143
MinimumVisualStudioVersion = 10.0.40219.1
Project("{FAE04EC0-301F-11D3-BF4B-00C04F79EFBC}") = "ruben1", "ruben1\ruben1.csproj", "{FA8EDC99-A1E4-4F6A-A831-886C6CE7481E}"
EndProject
Project("{FAE04EC0-301F-11D3-BF4B-00C04F79EFBC}") = "DataManager", "DataManager\DataManager.csproj", "{96DEE04C-443E-4AF2-B829-2FEC1099A823}"
EndProject
Global
	GlobalSection(SolutionConfigurationPlatforms) = preSolution
		Debug|Any CPU = Debug|Any CPU
		Release|Any CPU = Release|Any CPU
	EndGlobalSection
	GlobalSection(ProjectConfigurationPlatforms) = postSolution
		{FA8EDC99-A1E4-4F6A-A831-886C6CE7481E}.Debug|Any CPU.ActiveCfg = Debug|Any CPU
		{FA8EDC99-A1E4-4F6A-A831-886C6CE7481E}.Debug|Any CPU.Build.0 = Debug|Any CPU
		{FA8EDC99-A1E4-4F6A-A831-886C6CE7481E}.Release|Any CPU.ActiveCfg = Release|Any CPU
		{FA8EDC99-A1E4-4F6A-A831-886C6CE7481E}.Release|Any CPU.Build.0 = Release|Any CPU
		{96DEE04C-443E-4AF2-B829-2FEC1099A823}.Debug|Any CPU.ActiveCfg = Debug|Any CPU
		{96DEE04C-443E-4AF2-B829-2FEC1099A823}.Debug|Any CPU.Build.0 = Debug|Any CPU
		{96DEE04C-443E-4AF2-B829-2FEC1099A823}.Release|Any CPU.ActiveCfg = Release|Any CPU
		{96DEE04C-443E-4AF2-B829-2FEC1099A823}.Release|Any CPU.Build.0 = Release|Any CPU
	EndGlobalSection
	GlobalSection(SolutionProperties) = preSolution
		HideSolutionNode = FALSE
	EndGlobalSection
	GlobalSection(ExtensibilityGlobals) = postSolution
		SolutionGuid = {B1A982D6-8816-435D-B56F-C8075EDFDAC5}
	EndGlobalSection
EndGlobal
